
Microsoft Visual Studio Solution File, Format Version 12.00
# Visual Studio Version 17
VisualStudioVersion = 17.5.33627.172
MinimumVisualStudioVersion = 10.0.40219.1
Project("{9A19103F-16F7-4668-BE54-9A1E7A4F7556}") = "Entities", "Entities\Entities.csproj", "{4DD0CC73-3BD8-4929-A887-9DD2B8AA571C}"
EndProject
Project("{FAE04EC0-301F-11D3-BF4B-00C04F79EFBC}") = "ChandigarhAPI", "ChandigarhAPI\ChandigarhAPI.csproj", "{1EFCC6A4-D324-4E2F-87CB-6B24B6FAC4FF}"
EndProject
Project("{FAE04EC0-301F-11D3-BF4B-00C04F79EFBC}") = "ChandigarhPortal", "ChandigarhPortal\ChandigarhPortal.csproj", "{04AF7524-4A1A-4E0E-AF87-9F88B3465F81}"
EndProject
Global
	GlobalSection(SolutionConfigurationPlatforms) = preSolution
		Debug|Any CPU = Debug|Any CPU
		Release|Any CPU = Release|Any CPU
	EndGlobalSection
	GlobalSection(ProjectConfigurationPlatforms) = postSolution
		{4DD0CC73-3BD8-4929-A887-9DD2B8AA571C}.Debug|Any CPU.ActiveCfg = Debug|Any CPU
		{4DD0CC73-3BD8-4929-A887-9DD2B8AA571C}.Debug|Any CPU.Build.0 = Debug|Any CPU
		{4DD0CC73-3BD8-4929-A887-9DD2B8AA571C}.Release|Any CPU.ActiveCfg = Release|Any CPU
		{4DD0CC73-3BD8-4929-A887-9DD2B8AA571C}.Release|Any CPU.Build.0 = Release|Any CPU
		{1EFCC6A4-D324-4E2F-87CB-6B24B6FAC4FF}.Debug|Any CPU.ActiveCfg = Debug|Any CPU
		{1EFCC6A4-D324-4E2F-87CB-6B24B6FAC4FF}.Debug|Any CPU.Build.0 = Debug|Any CPU
		{1EFCC6A4-D324-4E2F-87CB-6B24B6FAC4FF}.Release|Any CPU.ActiveCfg = Release|Any CPU
		{1EFCC6A4-D324-4E2F-87CB-6B24B6FAC4FF}.Release|Any CPU.Build.0 = Release|Any CPU
		{04AF7524-4A1A-4E0E-AF87-9F88B3465F81}.Debug|Any CPU.ActiveCfg = Debug|Any CPU
		{04AF7524-4A1A-4E0E-AF87-9F88B3465F81}.Debug|Any CPU.Build.0 = Debug|Any CPU
		{04AF7524-4A1A-4E0E-AF87-9F88B3465F81}.Release|Any CPU.ActiveCfg = Release|Any CPU
		{04AF7524-4A1A-4E0E-AF87-9F88B3465F81}.Release|Any CPU.Build.0 = Release|Any CPU
	EndGlobalSection
	GlobalSection(SolutionProperties) = preSolution
		HideSolutionNode = FALSE
	EndGlobalSection
	GlobalSection(ExtensibilityGlobals) = postSolution
		SolutionGuid = {FC02E978-BCA2-4C3E-ABE3-331FC220A3C5}
	EndGlobalSection
EndGlobal
